
Microsoft Visual Studio Solution File, Format Version 12.00
# Visual Studio 15
VisualStudioVersion = 15.0.28307.106
MinimumVisualStudioVersion = 10.0.40219.1
Project("{FAE04EC0-301F-11D3-BF4B-00C04F79EFBC}") = "Cleangaroo", "Cleangaroo\Cleangaroo.csproj", "{9AE82E38-6C2A-45F3-99A0-87F617E3265C}"
EndProject
Global
	GlobalSection(SolutionConfigurationPlatforms) = preSolution
		Debug|Any CPU = Debug|Any CPU
		Release|Any CPU = Release|Any CPU
	EndGlobalSection
	GlobalSection(ProjectConfigurationPlatforms) = postSolution
		{9AE82E38-6C2A-45F3-99A0-87F617E3265C}.Debug|Any CPU.ActiveCfg = Debug|Any CPU
		{9AE82E38-6C2A-45F3-99A0-87F617E3265C}.Debug|Any CPU.Build.0 = Debug|Any CPU
		{9AE82E38-6C2A-45F3-99A0-87F617E3265C}.Release|Any CPU.ActiveCfg = Release|Any CPU
		{9AE82E38-6C2A-45F3-99A0-87F617E3265C}.Release|Any CPU.Build.0 = Release|Any CPU
	EndGlobalSection
	GlobalSection(SolutionProperties) = preSolution
		HideSolutionNode = FALSE
	EndGlobalSection
	GlobalSection(ExtensibilityGlobals) = postSolution
		SolutionGuid = {8977C56D-CC7E-46E8-A07E-BA622581A137}
	EndGlobalSection
EndGlobal
